
Microsoft Visual Studio Solution File, Format Version 12.00
# Visual Studio Version 16
VisualStudioVersion = 16.0.30011.22
MinimumVisualStudioVersion = 10.0.40219.1
Project("{FAE04EC0-301F-11D3-BF4B-00C04F79EFBC}") = "RawMaterials", "RawMaterials\RawMaterials.csproj", "{D269F600-4D56-41A3-952A-D50567090304}"
EndProject
Global
	GlobalSection(SolutionConfigurationPlatforms) = preSolution
		Debug|Any CPU = Debug|Any CPU
		Release|Any CPU = Release|Any CPU
	EndGlobalSection
	GlobalSection(ProjectConfigurationPlatforms) = postSolution
		{D269F600-4D56-41A3-952A-D50567090304}.Debug|Any CPU.ActiveCfg = Debug|Any CPU
		{D269F600-4D56-41A3-952A-D50567090304}.Debug|Any CPU.Build.0 = Debug|Any CPU
		{D269F600-4D56-41A3-952A-D50567090304}.Release|Any CPU.ActiveCfg = Release|Any CPU
		{D269F600-4D56-41A3-952A-D50567090304}.Release|Any CPU.Build.0 = Release|Any CPU
	EndGlobalSection
	GlobalSection(SolutionProperties) = preSolution
		HideSolutionNode = FALSE
	EndGlobalSection
	GlobalSection(ExtensibilityGlobals) = postSolution
		SolutionGuid = {C23E6798-D4B5-494C-B7CD-06BB89F31539}
	EndGlobalSection
EndGlobal
